
Microsoft Visual Studio Solution File, Format Version 12.00
Project("{FAE04EC0-301F-11D3-BF4B-00C04F79EFBC}") = "Klotski", "Klotski\Klotski.csproj", "{03426E81-E9C6-40ED-9A49-E9C83F45FBC4}"
EndProject
Project("{FAE04EC0-301F-11D3-BF4B-00C04F79EFBC}") = "Ricochet", "Ricochet\Ricochet.csproj", "{D0B88555-A2F6-407E-A633-58C4F8D1CD8C}"
EndProject
Global
	GlobalSection(SolutionConfigurationPlatforms) = preSolution
		Debug (Windows)|Any CPU = Debug (Windows)|Any CPU
		Release (Windows)|Any CPU = Release (Windows)|Any CPU
		Release|Any CPU = Release|Any CPU
		Debug|Any CPU = Debug|Any CPU
	EndGlobalSection
	GlobalSection(ProjectConfigurationPlatforms) = postSolution
		{03426E81-E9C6-40ED-9A49-E9C83F45FBC4}.Release|Any CPU.ActiveCfg = Release|Any CPU
		{03426E81-E9C6-40ED-9A49-E9C83F45FBC4}.Release|Any CPU.Build.0 = Release|Any CPU
		{03426E81-E9C6-40ED-9A49-E9C83F45FBC4}.Debug|Any CPU.ActiveCfg = Debug|Any CPU
		{03426E81-E9C6-40ED-9A49-E9C83F45FBC4}.Debug|Any CPU.Build.0 = Debug|Any CPU
		{03426E81-E9C6-40ED-9A49-E9C83F45FBC4}.Debug (Windows)|Any CPU.ActiveCfg = Debug|Any CPU
		{03426E81-E9C6-40ED-9A49-E9C83F45FBC4}.Debug (Windows)|Any CPU.Build.0 = Debug|Any CPU
		{03426E81-E9C6-40ED-9A49-E9C83F45FBC4}.Release (Windows)|Any CPU.ActiveCfg = Release|Any CPU
		{03426E81-E9C6-40ED-9A49-E9C83F45FBC4}.Release (Windows)|Any CPU.Build.0 = Release|Any CPU
		{D0B88555-A2F6-407E-A633-58C4F8D1CD8C}.Release|Any CPU.ActiveCfg = Release|Any CPU
		{D0B88555-A2F6-407E-A633-58C4F8D1CD8C}.Release|Any CPU.Build.0 = Release|Any CPU
		{D0B88555-A2F6-407E-A633-58C4F8D1CD8C}.Debug|Any CPU.ActiveCfg = Debug|Any CPU
		{D0B88555-A2F6-407E-A633-58C4F8D1CD8C}.Debug|Any CPU.Build.0 = Debug|Any CPU
	EndGlobalSection
EndGlobal
