
Microsoft Visual Studio Solution File, Format Version 12.00
Project("{FAE04EC0-301F-11D3-BF4B-00C04F79EFBC}") = "Ricochet", "Ricochet\Ricochet.csproj", "{03426E81-E9C6-40ED-9A49-E9C83F45FBC4}"
EndProject
Global
	GlobalSection(SolutionConfigurationPlatforms) = preSolution
		Debug|Any CPU = Debug|Any CPU
		Release|Any CPU = Release|Any CPU
	EndGlobalSection
	GlobalSection(ProjectConfigurationPlatforms) = postSolution
		{03426E81-E9C6-40ED-9A49-E9C83F45FBC4}.Debug|Any CPU.ActiveCfg = Debug|Any CPU
		{03426E81-E9C6-40ED-9A49-E9C83F45FBC4}.Debug|Any CPU.Build.0 = Debug|Any CPU
		{03426E81-E9C6-40ED-9A49-E9C83F45FBC4}.Release|Any CPU.ActiveCfg = Release|Any CPU
		{03426E81-E9C6-40ED-9A49-E9C83F45FBC4}.Release|Any CPU.Build.0 = Release|Any CPU
	EndGlobalSection
EndGlobal
